
Microsoft Visual Studio Solution File, Format Version 12.00
# Visual Studio Version 17
VisualStudioVersion = 17.9.34902.65
MinimumVisualStudioVersion = 10.0.40219.1
Project("{FAE04EC0-301F-11D3-BF4B-00C04F79EFBC}") = "Maturita_prep_methods", "Maturita_prep_methods.csproj", "{F01A3520-E21B-4635-B789-A35B17CC9511}"
EndProject
Global
	GlobalSection(SolutionConfigurationPlatforms) = preSolution
		Debug|Any CPU = Debug|Any CPU
		Release|Any CPU = Release|Any CPU
	EndGlobalSection
	GlobalSection(ProjectConfigurationPlatforms) = postSolution
		{F01A3520-E21B-4635-B789-A35B17CC9511}.Debug|Any CPU.ActiveCfg = Debug|Any CPU
		{F01A3520-E21B-4635-B789-A35B17CC9511}.Debug|Any CPU.Build.0 = Debug|Any CPU
		{F01A3520-E21B-4635-B789-A35B17CC9511}.Release|Any CPU.ActiveCfg = Release|Any CPU
		{F01A3520-E21B-4635-B789-A35B17CC9511}.Release|Any CPU.Build.0 = Release|Any CPU
	EndGlobalSection
	GlobalSection(SolutionProperties) = preSolution
		HideSolutionNode = FALSE
	EndGlobalSection
	GlobalSection(ExtensibilityGlobals) = postSolution
		SolutionGuid = {02440256-8CBE-48F8-B13D-1BB8804575FF}
	EndGlobalSection
EndGlobal
