
Microsoft Visual Studio Solution File, Format Version 12.00
Project("{FAE04EC0-301F-11D3-BF4B-00C04F79EFBC}") = "Caesar_cipher_hw", "Caesar_cipher_hw.csproj", "{6EAC1836-4EB0-41F6-B623-325B7A096528}"
EndProject
Global
	GlobalSection(SolutionConfigurationPlatforms) = preSolution
		Debug|Any CPU = Debug|Any CPU
		Release|Any CPU = Release|Any CPU
	EndGlobalSection
	GlobalSection(ProjectConfigurationPlatforms) = postSolution
		{6EAC1836-4EB0-41F6-B623-325B7A096528}.Debug|Any CPU.ActiveCfg = Debug|Any CPU
		{6EAC1836-4EB0-41F6-B623-325B7A096528}.Debug|Any CPU.Build.0 = Debug|Any CPU
		{6EAC1836-4EB0-41F6-B623-325B7A096528}.Release|Any CPU.ActiveCfg = Release|Any CPU
		{6EAC1836-4EB0-41F6-B623-325B7A096528}.Release|Any CPU.Build.0 = Release|Any CPU
	EndGlobalSection
EndGlobal
