
Microsoft Visual Studio Solution File, Format Version 12.00
Project("{FAE04EC0-301F-11D3-BF4B-00C04F79EFBC}") = "pva-8-9", "pva-8-9.csproj", "{09EC6CA5-7FC4-45C3-A360-E5F2BE2FCA6A}"
EndProject
Global
	GlobalSection(SolutionConfigurationPlatforms) = preSolution
		Debug|Any CPU = Debug|Any CPU
		Release|Any CPU = Release|Any CPU
	EndGlobalSection
	GlobalSection(ProjectConfigurationPlatforms) = postSolution
		{09EC6CA5-7FC4-45C3-A360-E5F2BE2FCA6A}.Debug|Any CPU.ActiveCfg = Debug|Any CPU
		{09EC6CA5-7FC4-45C3-A360-E5F2BE2FCA6A}.Debug|Any CPU.Build.0 = Debug|Any CPU
		{09EC6CA5-7FC4-45C3-A360-E5F2BE2FCA6A}.Release|Any CPU.ActiveCfg = Release|Any CPU
		{09EC6CA5-7FC4-45C3-A360-E5F2BE2FCA6A}.Release|Any CPU.Build.0 = Release|Any CPU
	EndGlobalSection
EndGlobal
