
Microsoft Visual Studio Solution File, Format Version 12.00
Project("{FAE04EC0-301F-11D3-BF4B-00C04F79EFBC}") = "Maturita_prep", "Maturita_prep.csproj", "{A18D3287-FDC3-4558-A529-E69E79594ABB}"
EndProject
Global
	GlobalSection(SolutionConfigurationPlatforms) = preSolution
		Debug|Any CPU = Debug|Any CPU
		Release|Any CPU = Release|Any CPU
	EndGlobalSection
	GlobalSection(ProjectConfigurationPlatforms) = postSolution
		{A18D3287-FDC3-4558-A529-E69E79594ABB}.Debug|Any CPU.ActiveCfg = Debug|Any CPU
		{A18D3287-FDC3-4558-A529-E69E79594ABB}.Debug|Any CPU.Build.0 = Debug|Any CPU
		{A18D3287-FDC3-4558-A529-E69E79594ABB}.Release|Any CPU.ActiveCfg = Release|Any CPU
		{A18D3287-FDC3-4558-A529-E69E79594ABB}.Release|Any CPU.Build.0 = Release|Any CPU
	EndGlobalSection
EndGlobal
