
Microsoft Visual Studio Solution File, Format Version 12.00
Project("{FAE04EC0-301F-11D3-BF4B-00C04F79EFBC}") = "AdventOfCode23", "AdventOfCode23.csproj", "{B9AC76D5-8A5B-42C5-9145-8E88C4F54425}"
EndProject
Global
	GlobalSection(SolutionConfigurationPlatforms) = preSolution
		Debug|Any CPU = Debug|Any CPU
		Release|Any CPU = Release|Any CPU
	EndGlobalSection
	GlobalSection(ProjectConfigurationPlatforms) = postSolution
		{B9AC76D5-8A5B-42C5-9145-8E88C4F54425}.Debug|Any CPU.ActiveCfg = Debug|Any CPU
		{B9AC76D5-8A5B-42C5-9145-8E88C4F54425}.Debug|Any CPU.Build.0 = Debug|Any CPU
		{B9AC76D5-8A5B-42C5-9145-8E88C4F54425}.Release|Any CPU.ActiveCfg = Release|Any CPU
		{B9AC76D5-8A5B-42C5-9145-8E88C4F54425}.Release|Any CPU.Build.0 = Release|Any CPU
	EndGlobalSection
EndGlobal
