
Microsoft Visual Studio Solution File, Format Version 12.00
Project("{FAE04EC0-301F-11D3-BF4B-00C04F79EFBC}") = "events_23-2", "events_23-2.csproj", "{D83089B8-01FB-4DD1-9781-D3785F2C250A}"
EndProject
Global
	GlobalSection(SolutionConfigurationPlatforms) = preSolution
		Debug|Any CPU = Debug|Any CPU
		Release|Any CPU = Release|Any CPU
	EndGlobalSection
	GlobalSection(ProjectConfigurationPlatforms) = postSolution
		{D83089B8-01FB-4DD1-9781-D3785F2C250A}.Debug|Any CPU.ActiveCfg = Debug|Any CPU
		{D83089B8-01FB-4DD1-9781-D3785F2C250A}.Debug|Any CPU.Build.0 = Debug|Any CPU
		{D83089B8-01FB-4DD1-9781-D3785F2C250A}.Release|Any CPU.ActiveCfg = Release|Any CPU
		{D83089B8-01FB-4DD1-9781-D3785F2C250A}.Release|Any CPU.Build.0 = Release|Any CPU
	EndGlobalSection
EndGlobal
