
Microsoft Visual Studio Solution File, Format Version 12.00
# Visual Studio Version 17
VisualStudioVersion = 17.9.34902.65
MinimumVisualStudioVersion = 10.0.40219.1
Project("{FAE04EC0-301F-11D3-BF4B-00C04F79EFBC}") = "Maturita_prep_regex", "Maturita_prep_regex.csproj", "{ABCCD9F8-B2E3-4798-AFE3-E6A27CC0DC82}"
EndProject
Global
	GlobalSection(SolutionConfigurationPlatforms) = preSolution
		Debug|Any CPU = Debug|Any CPU
		Release|Any CPU = Release|Any CPU
	EndGlobalSection
	GlobalSection(ProjectConfigurationPlatforms) = postSolution
		{ABCCD9F8-B2E3-4798-AFE3-E6A27CC0DC82}.Debug|Any CPU.ActiveCfg = Debug|Any CPU
		{ABCCD9F8-B2E3-4798-AFE3-E6A27CC0DC82}.Debug|Any CPU.Build.0 = Debug|Any CPU
		{ABCCD9F8-B2E3-4798-AFE3-E6A27CC0DC82}.Release|Any CPU.ActiveCfg = Release|Any CPU
		{ABCCD9F8-B2E3-4798-AFE3-E6A27CC0DC82}.Release|Any CPU.Build.0 = Release|Any CPU
	EndGlobalSection
	GlobalSection(SolutionProperties) = preSolution
		HideSolutionNode = FALSE
	EndGlobalSection
	GlobalSection(ExtensibilityGlobals) = postSolution
		SolutionGuid = {0BF65121-44DC-4F28-ACF3-C1ECCA5C142B}
	EndGlobalSection
EndGlobal
