
Microsoft Visual Studio Solution File, Format Version 12.00
Project("{FAE04EC0-301F-11D3-BF4B-00C04F79EFBC}") = "Metody", "Metody.csproj", "{2AD323E0-2260-43C3-BD17-91F1D1D38D09}"
EndProject
Global
	GlobalSection(SolutionConfigurationPlatforms) = preSolution
		Debug|Any CPU = Debug|Any CPU
		Release|Any CPU = Release|Any CPU
	EndGlobalSection
	GlobalSection(ProjectConfigurationPlatforms) = postSolution
		{2AD323E0-2260-43C3-BD17-91F1D1D38D09}.Debug|Any CPU.ActiveCfg = Debug|Any CPU
		{2AD323E0-2260-43C3-BD17-91F1D1D38D09}.Debug|Any CPU.Build.0 = Debug|Any CPU
		{2AD323E0-2260-43C3-BD17-91F1D1D38D09}.Release|Any CPU.ActiveCfg = Release|Any CPU
		{2AD323E0-2260-43C3-BD17-91F1D1D38D09}.Release|Any CPU.Build.0 = Release|Any CPU
	EndGlobalSection
EndGlobal
