
Microsoft Visual Studio Solution File, Format Version 12.00
# Visual Studio Version 17
VisualStudioVersion = 17.9.34728.123
MinimumVisualStudioVersion = 10.0.40219.1
Project("{FAE04EC0-301F-11D3-BF4B-00C04F79EFBC}") = "Maturita_prep_2", "Maturita_prep_2.csproj", "{F993C19C-0DA8-4AF6-884E-D0005A3F85CD}"
EndProject
Global
	GlobalSection(SolutionConfigurationPlatforms) = preSolution
		Debug|Any CPU = Debug|Any CPU
		Release|Any CPU = Release|Any CPU
	EndGlobalSection
	GlobalSection(ProjectConfigurationPlatforms) = postSolution
		{F993C19C-0DA8-4AF6-884E-D0005A3F85CD}.Debug|Any CPU.ActiveCfg = Debug|Any CPU
		{F993C19C-0DA8-4AF6-884E-D0005A3F85CD}.Debug|Any CPU.Build.0 = Debug|Any CPU
		{F993C19C-0DA8-4AF6-884E-D0005A3F85CD}.Release|Any CPU.ActiveCfg = Release|Any CPU
		{F993C19C-0DA8-4AF6-884E-D0005A3F85CD}.Release|Any CPU.Build.0 = Release|Any CPU
	EndGlobalSection
	GlobalSection(SolutionProperties) = preSolution
		HideSolutionNode = FALSE
	EndGlobalSection
	GlobalSection(ExtensibilityGlobals) = postSolution
		SolutionGuid = {C36AD5F1-1F34-41FB-8D8C-CDCD53B96569}
	EndGlobalSection
EndGlobal
